
Microsoft Visual Studio Solution File, Format Version 12.00
# Visual Studio Version 16
VisualStudioVersion = 16.0.30309.148
MinimumVisualStudioVersion = 10.0.40219.1
Project("{FAE04EC0-301F-11D3-BF4B-00C04F79EFBC}") = "Task2_1", "Task2_1.csproj", "{9A18015B-FBA4-41C0-8932-5B9BB9898E3D}"
EndProject
Project("{FAE04EC0-301F-11D3-BF4B-00C04F79EFBC}") = "Task2_1Tests", "Task2_1Tests\Task2_1Tests.csproj", "{F1FC986C-3892-4B23-8434-533E601C0683}"
EndProject
Project("{FAE04EC0-301F-11D3-BF4B-00C04F79EFBC}") = "Task2_2", "Task2_2\Task2_2.csproj", "{2AB2F3CA-66C8-402F-9824-FA8B6C8B05E8}"
EndProject
Project("{FAE04EC0-301F-11D3-BF4B-00C04F79EFBC}") = "Task2_2Tests", "Task2_2Tests\Task2_2Tests.csproj", "{3BE83012-9CE4-441F-A39E-BF2510A99775}"
EndProject
Project("{FAE04EC0-301F-11D3-BF4B-00C04F79EFBC}") = "Task2_3", "Task2_3\Task2_3.csproj", "{B8085A08-8546-421E-B59F-06EC1C4E4DD1}"
EndProject
Global
	GlobalSection(SolutionConfigurationPlatforms) = preSolution
		Debug|Any CPU = Debug|Any CPU
		Release|Any CPU = Release|Any CPU
	EndGlobalSection
	GlobalSection(ProjectConfigurationPlatforms) = postSolution
		{9A18015B-FBA4-41C0-8932-5B9BB9898E3D}.Debug|Any CPU.ActiveCfg = Debug|Any CPU
		{9A18015B-FBA4-41C0-8932-5B9BB9898E3D}.Debug|Any CPU.Build.0 = Debug|Any CPU
		{9A18015B-FBA4-41C0-8932-5B9BB9898E3D}.Release|Any CPU.ActiveCfg = Release|Any CPU
		{9A18015B-FBA4-41C0-8932-5B9BB9898E3D}.Release|Any CPU.Build.0 = Release|Any CPU
		{F1FC986C-3892-4B23-8434-533E601C0683}.Debug|Any CPU.ActiveCfg = Debug|Any CPU
		{F1FC986C-3892-4B23-8434-533E601C0683}.Debug|Any CPU.Build.0 = Debug|Any CPU
		{F1FC986C-3892-4B23-8434-533E601C0683}.Release|Any CPU.ActiveCfg = Release|Any CPU
		{F1FC986C-3892-4B23-8434-533E601C0683}.Release|Any CPU.Build.0 = Release|Any CPU
		{2AB2F3CA-66C8-402F-9824-FA8B6C8B05E8}.Debug|Any CPU.ActiveCfg = Debug|Any CPU
		{2AB2F3CA-66C8-402F-9824-FA8B6C8B05E8}.Debug|Any CPU.Build.0 = Debug|Any CPU
		{2AB2F3CA-66C8-402F-9824-FA8B6C8B05E8}.Release|Any CPU.ActiveCfg = Release|Any CPU
		{2AB2F3CA-66C8-402F-9824-FA8B6C8B05E8}.Release|Any CPU.Build.0 = Release|Any CPU
		{3BE83012-9CE4-441F-A39E-BF2510A99775}.Debug|Any CPU.ActiveCfg = Debug|Any CPU
		{3BE83012-9CE4-441F-A39E-BF2510A99775}.Debug|Any CPU.Build.0 = Debug|Any CPU
		{3BE83012-9CE4-441F-A39E-BF2510A99775}.Release|Any CPU.ActiveCfg = Release|Any CPU
		{3BE83012-9CE4-441F-A39E-BF2510A99775}.Release|Any CPU.Build.0 = Release|Any CPU
		{B8085A08-8546-421E-B59F-06EC1C4E4DD1}.Debug|Any CPU.ActiveCfg = Debug|Any CPU
		{B8085A08-8546-421E-B59F-06EC1C4E4DD1}.Debug|Any CPU.Build.0 = Debug|Any CPU
		{B8085A08-8546-421E-B59F-06EC1C4E4DD1}.Release|Any CPU.ActiveCfg = Release|Any CPU
		{B8085A08-8546-421E-B59F-06EC1C4E4DD1}.Release|Any CPU.Build.0 = Release|Any CPU
	EndGlobalSection
	GlobalSection(SolutionProperties) = preSolution
		HideSolutionNode = FALSE
	EndGlobalSection
	GlobalSection(ExtensibilityGlobals) = postSolution
		SolutionGuid = {77A50B85-2414-45A2-BD40-31CF0E75835B}
	EndGlobalSection
EndGlobal
