
Microsoft Visual Studio Solution File, Format Version 12.00
# Visual Studio Version 16
VisualStudioVersion = 16.0.30309.148
MinimumVisualStudioVersion = 10.0.40219.1
Project("{FAE04EC0-301F-11D3-BF4B-00C04F79EFBC}") = "Task2_1", "Task2_1.csproj", "{9A18015B-FBA4-41C0-8932-5B9BB9898E3D}"
EndProject
Project("{FAE04EC0-301F-11D3-BF4B-00C04F79EFBC}") = "Task2_1Tests", "Task2_1Tests\Task2_1Tests.csproj", "{F1FC986C-3892-4B23-8434-533E601C0683}"
EndProject
Global
	GlobalSection(SolutionConfigurationPlatforms) = preSolution
		Debug|Any CPU = Debug|Any CPU
		Release|Any CPU = Release|Any CPU
	EndGlobalSection
	GlobalSection(ProjectConfigurationPlatforms) = postSolution
		{9A18015B-FBA4-41C0-8932-5B9BB9898E3D}.Debug|Any CPU.ActiveCfg = Debug|Any CPU
		{9A18015B-FBA4-41C0-8932-5B9BB9898E3D}.Debug|Any CPU.Build.0 = Debug|Any CPU
		{9A18015B-FBA4-41C0-8932-5B9BB9898E3D}.Release|Any CPU.ActiveCfg = Release|Any CPU
		{9A18015B-FBA4-41C0-8932-5B9BB9898E3D}.Release|Any CPU.Build.0 = Release|Any CPU
		{F1FC986C-3892-4B23-8434-533E601C0683}.Debug|Any CPU.ActiveCfg = Debug|Any CPU
		{F1FC986C-3892-4B23-8434-533E601C0683}.Debug|Any CPU.Build.0 = Debug|Any CPU
		{F1FC986C-3892-4B23-8434-533E601C0683}.Release|Any CPU.ActiveCfg = Release|Any CPU
		{F1FC986C-3892-4B23-8434-533E601C0683}.Release|Any CPU.Build.0 = Release|Any CPU
	EndGlobalSection
	GlobalSection(SolutionProperties) = preSolution
		HideSolutionNode = FALSE
	EndGlobalSection
	GlobalSection(ExtensibilityGlobals) = postSolution
		SolutionGuid = {77A50B85-2414-45A2-BD40-31CF0E75835B}
	EndGlobalSection
EndGlobal
